
Microsoft Visual Studio Solution File, Format Version 12.00
# Visual Studio Version 16
VisualStudioVersion = 16.0.29001.49
MinimumVisualStudioVersion = 10.0.40219.1
Project("{FAE04EC0-301F-11D3-BF4B-00C04F79EFBC}") = "BlogSiteWithCore", "BlogSiteWithCore\BlogSiteWithCore.csproj", "{2F9DE922-631F-44CC-987E-BD8C28CD19FC}"
EndProject
Global
	GlobalSection(SolutionConfigurationPlatforms) = preSolution
		Debug|Any CPU = Debug|Any CPU
		Release|Any CPU = Release|Any CPU
	EndGlobalSection
	GlobalSection(ProjectConfigurationPlatforms) = postSolution
		{2F9DE922-631F-44CC-987E-BD8C28CD19FC}.Debug|Any CPU.ActiveCfg = Debug|Any CPU
		{2F9DE922-631F-44CC-987E-BD8C28CD19FC}.Debug|Any CPU.Build.0 = Debug|Any CPU
		{2F9DE922-631F-44CC-987E-BD8C28CD19FC}.Release|Any CPU.ActiveCfg = Release|Any CPU
		{2F9DE922-631F-44CC-987E-BD8C28CD19FC}.Release|Any CPU.Build.0 = Release|Any CPU
	EndGlobalSection
	GlobalSection(SolutionProperties) = preSolution
		HideSolutionNode = FALSE
	EndGlobalSection
	GlobalSection(ExtensibilityGlobals) = postSolution
		SolutionGuid = {31AF0D10-141D-4BB4-B3B1-C310F1EAA4A6}
	EndGlobalSection
EndGlobal
